{
  "version": 4,
  "terraform_version": "1.2.7",
  "serial": 384,
  "lineage": "c2b8e637-aab8-2084-66ee-43d2cb5df765",
  "outputs": {},
  "resources": [
    {
      "module": "module.apigateway",
      "mode": "managed",
      "type": "aws_api_gateway_deployment",
      "name": "default",
      "provider": "provider[\"registry.terraform.io/hashicorp/aws\"]",
      "instances": [
        {
          "schema_version": 0,
          "attributes": {
            "created_date": "2022-12-12T04:46:48Z",
            "description": "",
            "execution_arn": "arn:aws:execute-api:us-east-1:474489807730:03y4139j2m/",
            "id": "281mzq",
            "invoke_url": "https://03y4139j2m.execute-api.us-east-1.amazonaws.com/",
            "rest_api_id": "03y4139j2m",
            "stage_description": null,
            "stage_name": null,
            "triggers": {
              "redeployment": "2be88ca4242c76e8253ac62474851065032d6833"
            },
            "variables": null
          },
          "sensitive_attributes": [],
          "private": "bnVsbA==",
          "dependencies": [
            "module.apigateway.aws_api_gateway_rest_api.default"
          ],
          "create_before_destroy": true
        }
      ]
    },
    {
      "module": "module.apigateway",
      "mode": "managed",
      "type": "aws_api_gateway_integration",
      "name": "health",
      "provider": "provider[\"registry.terraform.io/hashicorp/aws\"]",
      "instances": [
        {
          "schema_version": 0,
          "attributes": {
            "cache_key_parameters": [],
            "cache_namespace": "0o88za",
            "connection_id": "",
            "connection_type": "INTERNET",
            "content_handling": "",
            "credentials": "",
            "http_method": "GET",
            "id": "agi-03y4139j2m-0o88za-GET",
            "integration_http_method": "",
            "passthrough_behavior": "WHEN_NO_MATCH",
            "request_parameters": {},
            "request_templates": {},
            "resource_id": "0o88za",
            "rest_api_id": "03y4139j2m",
            "timeout_milliseconds": 29000,
            "tls_config": [],
            "type": "MOCK",
            "uri": ""
          },
          "sensitive_attributes": [],
          "private": "bnVsbA==",
          "dependencies": [
            "module.apigateway.aws_api_gateway_method.health_get",
            "module.apigateway.aws_api_gateway_resource.health",
            "module.apigateway.aws_api_gateway_rest_api.default"
          ]
        }
      ]
    },
    {
      "module": "module.apigateway",
      "mode": "managed",
      "type": "aws_api_gateway_method",
      "name": "health_get",
      "provider": "provider[\"registry.terraform.io/hashicorp/aws\"]",
      "instances": [
        {
          "schema_version": 0,
          "attributes": {
            "api_key_required": false,
            "authorization": "NONE",
            "authorization_scopes": [],
            "authorizer_id": "",
            "http_method": "GET",
            "id": "agm-03y4139j2m-0o88za-GET",
            "operation_name": "",
            "request_models": {},
            "request_parameters": {},
            "request_validator_id": "",
            "resource_id": "0o88za",
            "rest_api_id": "03y4139j2m"
          },
          "sensitive_attributes": [],
          "private": "bnVsbA==",
          "dependencies": [
            "module.apigateway.aws_api_gateway_resource.health",
            "module.apigateway.aws_api_gateway_rest_api.default"
          ]
        }
      ]
    },
    {
      "module": "module.apigateway",
      "mode": "managed",
      "type": "aws_api_gateway_resource",
      "name": "health",
      "provider": "provider[\"registry.terraform.io/hashicorp/aws\"]",
      "instances": [
        {
          "schema_version": 0,
          "attributes": {
            "id": "0o88za",
            "parent_id": "ae2gf91c21",
            "path": "/health",
            "path_part": "health",
            "rest_api_id": "03y4139j2m"
          },
          "sensitive_attributes": [],
          "private": "bnVsbA==",
          "dependencies": [
            "module.apigateway.aws_api_gateway_rest_api.default"
          ]
        }
      ]
    },
    {
      "module": "module.apigateway",
      "mode": "managed",
      "type": "aws_api_gateway_rest_api",
      "name": "default",
      "provider": "provider[\"registry.terraform.io/hashicorp/aws\"]",
      "instances": [
        {
          "schema_version": 0,
          "attributes": {
            "api_key_source": "HEADER",
            "arn": "arn:aws:apigateway:us-east-1::/restapis/03y4139j2m",
            "binary_media_types": [],
            "body": null,
            "created_date": "2022-12-12T04:34:11Z",
            "description": "",
            "disable_execute_api_endpoint": false,
            "endpoint_configuration": [
              {
                "types": [
                  "EDGE"
                ],
                "vpc_endpoint_ids": []
              }
            ],
            "execution_arn": "arn:aws:execute-api:us-east-1:474489807730:03y4139j2m",
            "id": "03y4139j2m",
            "minimum_compression_size": -1,
            "name": "ApiGateway",
            "parameters": null,
            "policy": "",
            "root_resource_id": "ae2gf91c21",
            "tags": {
              "Name": "ApiGateway"
            },
            "tags_all": {
              "Name": "ApiGateway"
            }
          },
          "sensitive_attributes": [],
          "private": "bnVsbA==",
          "create_before_destroy": true
        }
      ]
    },
    {
      "module": "module.apigateway",
      "mode": "managed",
      "type": "aws_api_gateway_stage",
      "name": "default",
      "provider": "provider[\"registry.terraform.io/hashicorp/aws\"]",
      "instances": [
        {
          "schema_version": 0,
          "attributes": {
            "access_log_settings": [],
            "arn": "arn:aws:apigateway:us-east-1::/restapis/03y4139j2m/stages/local",
            "cache_cluster_enabled": false,
            "cache_cluster_size": "",
            "client_certificate_id": "",
            "deployment_id": "281mzq",
            "description": "",
            "documentation_version": "",
            "execution_arn": "arn:aws:execute-api:us-east-1:474489807730:03y4139j2m/local",
            "id": "ags-03y4139j2m-local",
            "invoke_url": "https://03y4139j2m.execute-api.us-east-1.amazonaws.com/local",
            "rest_api_id": "03y4139j2m",
            "stage_name": "local",
            "tags": {},
            "tags_all": {},
            "variables": {},
            "web_acl_arn": "",
            "xray_tracing_enabled": false
          },
          "sensitive_attributes": [],
          "private": "bnVsbA==",
          "dependencies": [
            "module.apigateway.aws_api_gateway_deployment.default",
            "module.apigateway.aws_api_gateway_rest_api.default"
          ]
        }
      ]
    },
    {
      "module": "module.apigateway",
      "mode": "managed",
      "type": "aws_ssm_parameter",
      "name": "rest_api_id",
      "provider": "provider[\"registry.terraform.io/hashicorp/aws\"]",
      "instances": [
        {
          "schema_version": 0,
          "attributes": {
            "allowed_pattern": "",
            "arn": "arn:aws:ssm:us-east-1:474489807730:parameter/terraform/apigateway/rest-api-id",
            "data_type": "text",
            "description": "",
            "id": "/terraform/apigateway/rest-api-id",
            "key_id": "",
            "name": "/terraform/apigateway/rest-api-id",
            "overwrite": null,
            "tags": {},
            "tags_all": {},
            "tier": "Standard",
            "type": "String",
            "value": "03y4139j2m",
            "version": 1
          },
          "sensitive_attributes": [],
          "private": "bnVsbA==",
          "dependencies": [
            "module.apigateway.aws_api_gateway_rest_api.default"
          ]
        }
      ]
    },
    {
      "module": "module.apigateway",
      "mode": "managed",
      "type": "aws_ssm_parameter",
      "name": "rest_api_root_resource_id",
      "provider": "provider[\"registry.terraform.io/hashicorp/aws\"]",
      "instances": [
        {
          "schema_version": 0,
          "attributes": {
            "allowed_pattern": "",
            "arn": "arn:aws:ssm:us-east-1:474489807730:parameter/terraform/apigateway/rest-api-root-resource-id",
            "data_type": "text",
            "description": "",
            "id": "/terraform/apigateway/rest-api-root-resource-id",
            "key_id": "",
            "name": "/terraform/apigateway/rest-api-root-resource-id",
            "overwrite": null,
            "tags": {},
            "tags_all": {},
            "tier": "Standard",
            "type": "String",
            "value": "ae2gf91c21",
            "version": 1
          },
          "sensitive_attributes": [],
          "private": "bnVsbA==",
          "dependencies": [
            "module.apigateway.aws_api_gateway_rest_api.default"
          ]
        }
      ]
    },
    {
      "module": "module.dynamodb",
      "mode": "managed",
      "type": "aws_dynamodb_table",
      "name": "booking",
      "provider": "provider[\"registry.terraform.io/hashicorp/aws\"]",
      "instances": [
        {
          "schema_version": 1,
          "attributes": {
            "arn": "arn:aws:dynamodb:us-east-1:474489807730:table/booking-local",
            "attribute": [
              {
                "name": "CreatedAt",
                "type": "S"
              },
              {
                "name": "Id",
                "type": "S"
              },
              {
                "name": "ListingId",
                "type": "S"
              },
              {
                "name": "UserId",
                "type": "S"
              }
            ],
            "billing_mode": "PAY_PER_REQUEST",
            "global_secondary_index": [
              {
                "hash_key": "UserId",
                "name": "BookingCreatedAtIndex",
                "non_key_attributes": [],
                "projection_type": "ALL",
                "range_key": "CreatedAt",
                "read_capacity": 0,
                "write_capacity": 0
              },
              {
                "hash_key": "UserId",
                "name": "BookingUserIdIndex",
                "non_key_attributes": [],
                "projection_type": "ALL",
                "range_key": "ListingId",
                "read_capacity": 0,
                "write_capacity": 0
              }
            ],
            "hash_key": "Id",
            "id": "booking-local",
            "local_secondary_index": [],
            "name": "booking-local",
            "point_in_time_recovery": [
              {
                "enabled": false
              }
            ],
            "range_key": null,
            "read_capacity": 0,
            "replica": [],
            "restore_date_time": null,
            "restore_source_name": null,
            "restore_to_latest_time": null,
            "server_side_encryption": [],
            "stream_arn": "arn:aws:dynamodb:us-east-1:474489807730:table/booking-local/stream/2022-12-12T04:34:11.367",
            "stream_enabled": true,
            "stream_label": "2022-12-12T04:34:11.367",
            "stream_view_type": "NEW_AND_OLD_IMAGES",
            "table_class": "",
            "tags": {},
            "tags_all": {},
            "timeouts": null,
            "ttl": [
              {
                "attribute_name": "",
                "enabled": false
              }
            ],
            "write_capacity": 0
          },
          "sensitive_attributes": [],
          "private": "eyJlMmJmYjczMC1lY2FhLTExZTYtOGY4OC0zNDM2M2JjN2M0YzAiOnsiY3JlYXRlIjoxODAwMDAwMDAwMDAwLCJkZWxldGUiOjYwMDAwMDAwMDAwMCwidXBkYXRlIjozNjAwMDAwMDAwMDAwfSwic2NoZW1hX3ZlcnNpb24iOiIxIn0="
        }
      ]
    },
    {
      "module": "module.dynamodb",
      "mode": "managed",
      "type": "aws_ssm_parameter",
      "name": "booking_table_name",
      "provider": "provider[\"registry.terraform.io/hashicorp/aws\"]",
      "instances": [
        {
          "schema_version": 0,
          "attributes": {
            "allowed_pattern": "",
            "arn": "arn:aws:ssm:us-east-1:474489807730:parameter/terraform/dynamodb/booking-table-name",
            "data_type": "text",
            "description": "",
            "id": "/terraform/dynamodb/booking-table-name",
            "key_id": "",
            "name": "/terraform/dynamodb/booking-table-name",
            "overwrite": null,
            "tags": {},
            "tags_all": {},
            "tier": "Standard",
            "type": "String",
            "value": "booking-local",
            "version": 1
          },
          "sensitive_attributes": [],
          "private": "bnVsbA==",
          "dependencies": [
            "module.dynamodb.aws_dynamodb_table.booking"
          ]
        }
      ]
    },
    {
      "module": "module.dynamodb",
      "mode": "managed",
      "type": "aws_ssm_parameter",
      "name": "booking_table_stream_arn",
      "provider": "provider[\"registry.terraform.io/hashicorp/aws\"]",
      "instances": [
        {
          "schema_version": 0,
          "attributes": {
            "allowed_pattern": "",
            "arn": "arn:aws:ssm:us-east-1:474489807730:parameter/terraform/dynamodb/booking-table-stream-arn",
            "data_type": "text",
            "description": "",
            "id": "/terraform/dynamodb/booking-table-stream-arn",
            "key_id": "",
            "name": "/terraform/dynamodb/booking-table-stream-arn",
            "overwrite": null,
            "tags": {},
            "tags_all": {},
            "tier": "Standard",
            "type": "String",
            "value": "arn:aws:dynamodb:us-east-1:474489807730:table/booking-local/stream/2022-12-12T04:34:11.367",
            "version": 1
          },
          "sensitive_attributes": [],
          "private": "bnVsbA==",
          "dependencies": [
            "module.dynamodb.aws_dynamodb_table.booking"
          ]
        }
      ]
    },
    {
      "module": "module.ec2",
      "mode": "managed",
      "type": "aws_db_subnet_group",
      "name": "serverless",
      "provider": "provider[\"registry.terraform.io/hashicorp/aws\"]",
      "instances": [
        {
          "schema_version": 0,
          "attributes": {
            "arn": "arn:aws:rds:us-east-1:474489807730:subgrp:terraform-20221212043429600000000003",
            "description": "RDS Subnet Group",
            "id": "terraform-20221212043429600000000003",
            "name": "terraform-20221212043429600000000003",
            "name_prefix": null,
            "subnet_ids": [
              "subnet-03b47e2d61d899fa2",
              "subnet-0aa6991f2bf5d9166",
              "subnet-0ca9f3dfb71c6ec0a"
            ],
            "tags": {
              "Name": "DBSubnetGroupServerless"
            },
            "tags_all": {
              "Name": "DBSubnetGroupServerless"
            }
          },
          "sensitive_attributes": [],
          "private": "bnVsbA==",
          "dependencies": [
            "module.ec2.aws_subnet.a",
            "module.ec2.aws_subnet.b",
            "module.ec2.aws_subnet.c",
            "module.ec2.aws_vpc.default"
          ]
        }
      ]
    },
    {
      "module": "module.ec2",
      "mode": "managed",
      "type": "aws_internet_gateway",
      "name": "default",
      "provider": "provider[\"registry.terraform.io/hashicorp/aws\"]",
      "instances": [
        {
          "schema_version": 0,
          "attributes": {
            "arn": "arn:aws:ec2:us-east-1:474489807730:internet-gateway/igw-0309badb348bdd924",
            "id": "igw-0309badb348bdd924",
            "owner_id": "474489807730",
            "tags": {
              "Name": "InternetGateway"
            },
            "tags_all": {
              "Name": "InternetGateway"
            },
            "vpc_id": "vpc-083069656b42e95cd"
          },
          "sensitive_attributes": [],
          "private": "bnVsbA==",
          "dependencies": [
            "module.ec2.aws_vpc.default"
          ]
        }
      ]
    },
    {
      "module": "module.ec2",
      "mode": "managed",
      "type": "aws_route",
      "name": "public",
      "provider": "provider[\"registry.terraform.io/hashicorp/aws\"]",
      "instances": [
        {
          "schema_version": 0,
          "attributes": {
            "carrier_gateway_id": "",
            "destination_cidr_block": "0.0.0.0/0",
            "destination_ipv6_cidr_block": "",
            "destination_prefix_list_id": "",
            "egress_only_gateway_id": "",
            "gateway_id": "igw-0309badb348bdd924",
            "id": "r-rtb-09f80c7d0ec5e211c1080289494",
            "instance_id": "",
            "instance_owner_id": "",
            "local_gateway_id": "",
            "nat_gateway_id": "",
            "network_interface_id": "",
            "origin": "CreateRoute",
            "route_table_id": "rtb-09f80c7d0ec5e211c",
            "state": "active",
            "timeouts": null,
            "transit_gateway_id": "",
            "vpc_endpoint_id": "",
            "vpc_peering_connection_id": ""
          },
          "sensitive_attributes": [],
          "private": "eyJlMmJmYjczMC1lY2FhLTExZTYtOGY4OC0zNDM2M2JjN2M0YzAiOnsiY3JlYXRlIjozMDAwMDAwMDAwMDAsImRlbGV0ZSI6MzAwMDAwMDAwMDAwLCJ1cGRhdGUiOjEyMDAwMDAwMDAwMH19",
          "dependencies": [
            "module.ec2.aws_internet_gateway.default",
            "module.ec2.aws_route_table.public",
            "module.ec2.aws_vpc.default"
          ]
        }
      ]
    },
    {
      "module": "module.ec2",
      "mode": "managed",
      "type": "aws_route_table",
      "name": "public",
      "provider": "provider[\"registry.terraform.io/hashicorp/aws\"]",
      "instances": [
        {
          "schema_version": 0,
          "attributes": {
            "arn": "arn:aws:ec2:us-east-1:474489807730:route-table/rtb-09f80c7d0ec5e211c",
            "id": "rtb-09f80c7d0ec5e211c",
            "owner_id": "474489807730",
            "propagating_vgws": [],
            "route": [
              {
                "carrier_gateway_id": "",
                "cidr_block": "0.0.0.0/0",
                "destination_prefix_list_id": "",
                "egress_only_gateway_id": "",
                "gateway_id": "igw-0309badb348bdd924",
                "instance_id": "",
                "ipv6_cidr_block": "",
                "local_gateway_id": "",
                "nat_gateway_id": "",
                "network_interface_id": "",
                "transit_gateway_id": "",
                "vpc_endpoint_id": "",
                "vpc_peering_connection_id": ""
              }
            ],
            "tags": {
              "Name": "PublicRoute"
            },
            "tags_all": {
              "Name": "PublicRoute"
            },
            "timeouts": null,
            "vpc_id": "vpc-083069656b42e95cd"
          },
          "sensitive_attributes": [],
          "private": "eyJlMmJmYjczMC1lY2FhLTExZTYtOGY4OC0zNDM2M2JjN2M0YzAiOnsiY3JlYXRlIjozMDAwMDAwMDAwMDAsImRlbGV0ZSI6MzAwMDAwMDAwMDAwLCJ1cGRhdGUiOjEyMDAwMDAwMDAwMH19",
          "dependencies": [
            "module.ec2.aws_vpc.default"
          ]
        }
      ]
    },
    {
      "module": "module.ec2",
      "mode": "managed",
      "type": "aws_route_table_association",
      "name": "public_a",
      "provider": "provider[\"registry.terraform.io/hashicorp/aws\"]",
      "instances": [
        {
          "schema_version": 0,
          "attributes": {
            "gateway_id": "",
            "id": "rtbassoc-0959c7221c6dab351",
            "route_table_id": "rtb-09f80c7d0ec5e211c",
            "subnet_id": "subnet-03b47e2d61d899fa2"
          },
          "sensitive_attributes": [],
          "private": "bnVsbA==",
          "dependencies": [
            "module.ec2.aws_route_table.public",
            "module.ec2.aws_subnet.a",
            "module.ec2.aws_vpc.default"
          ]
        }
      ]
    },
    {
      "module": "module.ec2",
      "mode": "managed",
      "type": "aws_route_table_association",
      "name": "public_b",
      "provider": "provider[\"registry.terraform.io/hashicorp/aws\"]",
      "instances": [
        {
          "schema_version": 0,
          "attributes": {
            "gateway_id": "",
            "id": "rtbassoc-0e68b4c7bf0d5286e",
            "route_table_id": "rtb-09f80c7d0ec5e211c",
            "subnet_id": "subnet-0aa6991f2bf5d9166"
          },
          "sensitive_attributes": [],
          "private": "bnVsbA==",
          "dependencies": [
            "module.ec2.aws_route_table.public",
            "module.ec2.aws_subnet.b",
            "module.ec2.aws_vpc.default"
          ]
        }
      ]
    },
    {
      "module": "module.ec2",
      "mode": "managed",
      "type": "aws_route_table_association",
      "name": "public_c",
      "provider": "provider[\"registry.terraform.io/hashicorp/aws\"]",
      "instances": [
        {
          "schema_version": 0,
          "attributes": {
            "gateway_id": "",
            "id": "rtbassoc-06968432254c56663",
            "route_table_id": "rtb-09f80c7d0ec5e211c",
            "subnet_id": "subnet-0ca9f3dfb71c6ec0a"
          },
          "sensitive_attributes": [],
          "private": "bnVsbA==",
          "dependencies": [
            "module.ec2.aws_route_table.public",
            "module.ec2.aws_subnet.c",
            "module.ec2.aws_vpc.default"
          ]
        }
      ]
    },
    {
      "module": "module.ec2",
      "mode": "managed",
      "type": "aws_security_group",
      "name": "serverless",
      "provider": "provider[\"registry.terraform.io/hashicorp/aws\"]",
      "instances": [
        {
          "schema_version": 1,
          "attributes": {
            "arn": "arn:aws:ec2:us-east-1:474489807730:security-group/sg-0e02ae0eb62946712",
            "description": "Security group for Serverless functions",
            "egress": [],
            "id": "sg-0e02ae0eb62946712",
            "ingress": [
              {
                "cidr_blocks": [
                  "0.0.0.0/0"
                ],
                "description": "",
                "from_port": 0,
                "ipv6_cidr_blocks": [
                  "::/0"
                ],
                "prefix_list_ids": [],
                "protocol": "tcp",
                "security_groups": [],
                "self": false,
                "to_port": 65535
              }
            ],
            "name": "terraform-20221212043426585900000002",
            "name_prefix": "terraform-",
            "owner_id": "474489807730",
            "revoke_rules_on_delete": false,
            "tags": {
              "Name": "SecurityGroupServerless"
            },
            "tags_all": {
              "Name": "SecurityGroupServerless"
            },
            "timeouts": null,
            "vpc_id": "vpc-083069656b42e95cd"
          },
          "sensitive_attributes": [],
          "private": "eyJlMmJmYjczMC1lY2FhLTExZTYtOGY4OC0zNDM2M2JjN2M0YzAiOnsiY3JlYXRlIjo2MDAwMDAwMDAwMDAsImRlbGV0ZSI6OTAwMDAwMDAwMDAwfSwic2NoZW1hX3ZlcnNpb24iOiIxIn0=",
          "dependencies": [
            "module.ec2.aws_vpc.default"
          ]
        }
      ]
    },
    {
      "module": "module.ec2",
      "mode": "managed",
      "type": "aws_ssm_parameter",
      "name": "vpc",
      "provider": "provider[\"registry.terraform.io/hashicorp/aws\"]",
      "instances": [
        {
          "schema_version": 0,
          "attributes": {
            "allowed_pattern": "",
            "arn": "arn:aws:ssm:us-east-1:474489807730:parameter/terraform/ec2/vpc-id",
            "data_type": "text",
            "description": "VPC Id provided by terraform",
            "id": "/terraform/ec2/vpc-id",
            "key_id": "",
            "name": "/terraform/ec2/vpc-id",
            "overwrite": null,
            "tags": {},
            "tags_all": {},
            "tier": "Standard",
            "type": "String",
            "value": "vpc-083069656b42e95cd",
            "version": 1
          },
          "sensitive_attributes": [],
          "private": "bnVsbA==",
          "dependencies": [
            "module.ec2.aws_vpc.default"
          ]
        }
      ]
    },
    {
      "module": "module.ec2",
      "mode": "managed",
      "type": "aws_subnet",
      "name": "a",
      "provider": "provider[\"registry.terraform.io/hashicorp/aws\"]",
      "instances": [
        {
          "schema_version": 1,
          "attributes": {
            "arn": "arn:aws:ec2:us-east-1:474489807730:subnet/subnet-03b47e2d61d899fa2",
            "assign_ipv6_address_on_creation": false,
            "availability_zone": "us-east-1a",
            "availability_zone_id": "use1-az1",
            "cidr_block": "10.0.0.0/24",
            "customer_owned_ipv4_pool": "",
            "enable_dns64": false,
            "enable_resource_name_dns_a_record_on_launch": false,
            "enable_resource_name_dns_aaaa_record_on_launch": false,
            "id": "subnet-03b47e2d61d899fa2",
            "ipv6_cidr_block": "",
            "ipv6_cidr_block_association_id": "",
            "ipv6_native": false,
            "map_customer_owned_ip_on_launch": false,
            "map_public_ip_on_launch": false,
            "outpost_arn": "",
            "owner_id": "474489807730",
            "private_dns_hostname_type_on_launch": "ip-name",
            "tags": {
              "Name": "SubnetA"
            },
            "tags_all": {
              "Name": "SubnetA"
            },
            "timeouts": null,
            "vpc_id": "vpc-083069656b42e95cd"
          },
          "sensitive_attributes": [],
          "private": "eyJlMmJmYjczMC1lY2FhLTExZTYtOGY4OC0zNDM2M2JjN2M0YzAiOnsiY3JlYXRlIjo2MDAwMDAwMDAwMDAsImRlbGV0ZSI6MTIwMDAwMDAwMDAwMH0sInNjaGVtYV92ZXJzaW9uIjoiMSJ9",
          "dependencies": [
            "module.ec2.aws_vpc.default"
          ]
        }
      ]
    },
    {
      "module": "module.ec2",
      "mode": "managed",
      "type": "aws_subnet",
      "name": "b",
      "provider": "provider[\"registry.terraform.io/hashicorp/aws\"]",
      "instances": [
        {
          "schema_version": 1,
          "attributes": {
            "arn": "arn:aws:ec2:us-east-1:474489807730:subnet/subnet-0aa6991f2bf5d9166",
            "assign_ipv6_address_on_creation": false,
            "availability_zone": "us-east-1b",
            "availability_zone_id": "use1-az2",
            "cidr_block": "10.0.1.0/24",
            "customer_owned_ipv4_pool": "",
            "enable_dns64": false,
            "enable_resource_name_dns_a_record_on_launch": false,
            "enable_resource_name_dns_aaaa_record_on_launch": false,
            "id": "subnet-0aa6991f2bf5d9166",
            "ipv6_cidr_block": "",
            "ipv6_cidr_block_association_id": "",
            "ipv6_native": false,
            "map_customer_owned_ip_on_launch": false,
            "map_public_ip_on_launch": false,
            "outpost_arn": "",
            "owner_id": "474489807730",
            "private_dns_hostname_type_on_launch": "ip-name",
            "tags": {
              "Name": "SubnetB"
            },
            "tags_all": {
              "Name": "SubnetB"
            },
            "timeouts": null,
            "vpc_id": "vpc-083069656b42e95cd"
          },
          "sensitive_attributes": [],
          "private": "eyJlMmJmYjczMC1lY2FhLTExZTYtOGY4OC0zNDM2M2JjN2M0YzAiOnsiY3JlYXRlIjo2MDAwMDAwMDAwMDAsImRlbGV0ZSI6MTIwMDAwMDAwMDAwMH0sInNjaGVtYV92ZXJzaW9uIjoiMSJ9",
          "dependencies": [
            "module.ec2.aws_vpc.default"
          ]
        }
      ]
    },
    {
      "module": "module.ec2",
      "mode": "managed",
      "type": "aws_subnet",
      "name": "c",
      "provider": "provider[\"registry.terraform.io/hashicorp/aws\"]",
      "instances": [
        {
          "schema_version": 1,
          "attributes": {
            "arn": "arn:aws:ec2:us-east-1:474489807730:subnet/subnet-0ca9f3dfb71c6ec0a",
            "assign_ipv6_address_on_creation": false,
            "availability_zone": "us-east-1c",
            "availability_zone_id": "use1-az4",
            "cidr_block": "10.0.2.0/24",
            "customer_owned_ipv4_pool": "",
            "enable_dns64": false,
            "enable_resource_name_dns_a_record_on_launch": false,
            "enable_resource_name_dns_aaaa_record_on_launch": false,
            "id": "subnet-0ca9f3dfb71c6ec0a",
            "ipv6_cidr_block": "",
            "ipv6_cidr_block_association_id": "",
            "ipv6_native": false,
            "map_customer_owned_ip_on_launch": false,
            "map_public_ip_on_launch": false,
            "outpost_arn": "",
            "owner_id": "474489807730",
            "private_dns_hostname_type_on_launch": "ip-name",
            "tags": {
              "Name": "SubnetC"
            },
            "tags_all": {
              "Name": "SubnetC"
            },
            "timeouts": null,
            "vpc_id": "vpc-083069656b42e95cd"
          },
          "sensitive_attributes": [],
          "private": "eyJlMmJmYjczMC1lY2FhLTExZTYtOGY4OC0zNDM2M2JjN2M0YzAiOnsiY3JlYXRlIjo2MDAwMDAwMDAwMDAsImRlbGV0ZSI6MTIwMDAwMDAwMDAwMH0sInNjaGVtYV92ZXJzaW9uIjoiMSJ9",
          "dependencies": [
            "module.ec2.aws_vpc.default"
          ]
        }
      ]
    },
    {
      "module": "module.ec2",
      "mode": "managed",
      "type": "aws_vpc",
      "name": "default",
      "provider": "provider[\"registry.terraform.io/hashicorp/aws\"]",
      "instances": [
        {
          "schema_version": 1,
          "attributes": {
            "arn": "arn:aws:ec2:us-east-1:474489807730:vpc/vpc-083069656b42e95cd",
            "assign_generated_ipv6_cidr_block": false,
            "cidr_block": "10.0.0.0/16",
            "default_network_acl_id": "acl-0fa1f201d6b50a010",
            "default_route_table_id": "rtb-02895d259ae0d7700",
            "default_security_group_id": "sg-09f9bef9d4a66a925",
            "dhcp_options_id": "dopt-0f3c07f5e9f223cb7",
            "enable_classiclink": false,
            "enable_classiclink_dns_support": false,
            "enable_dns_hostnames": true,
            "enable_dns_support": true,
            "id": "vpc-083069656b42e95cd",
            "instance_tenancy": "default",
            "ipv4_ipam_pool_id": null,
            "ipv4_netmask_length": null,
            "ipv6_association_id": "",
            "ipv6_cidr_block": "",
            "ipv6_cidr_block_network_border_group": "",
            "ipv6_ipam_pool_id": "",
            "ipv6_netmask_length": 0,
            "main_route_table_id": "rtb-02895d259ae0d7700",
            "owner_id": "474489807730",
            "tags": {
              "Name": "VPC"
            },
            "tags_all": {
              "Name": "VPC"
            }
          },
          "sensitive_attributes": [],
          "private": "eyJzY2hlbWFfdmVyc2lvbiI6IjEifQ=="
        }
      ]
    },
    {
      "module": "module.iam",
      "mode": "managed",
      "type": "aws_iam_role",
      "name": "lambda",
      "provider": "provider[\"registry.terraform.io/hashicorp/aws\"]",
      "instances": [
        {
          "schema_version": 0,
          "attributes": {
            "arn": "arn:aws:iam::474489807730:role/service-lambda-role",
            "assume_role_policy": "{\"Version\":\"2012-10-17\",\"Statement\":[{\"Sid\":\"\",\"Effect\":\"Allow\",\"Principal\":{\"Service\":\"lambda.amazonaws.com\"},\"Action\":\"sts:AssumeRole\"}]}",
            "create_date": "2022-12-12T06:24:53Z",
            "description": "",
            "force_detach_policies": false,
            "id": "service-lambda-role",
            "inline_policy": [
              {
                "name": "EnableDynamoDB",
                "policy": "{\"Statement\":[{\"Action\":[\"dynamodb:PutItem\",\"dynamodb:UpdateItem\",\"dynamodb:DeleteItem\",\"dynamodb:GetItem\",\"dynamodb:Scan\",\"dynamodb:Query\"],\"Effect\":\"Allow\",\"Resource\":\"arn:aws:dynamodb:us-east-1:*:table/*\"}],\"Version\":\"2012-10-17\"}"
              },
              {
                "name": "EnableDynamoDBStream",
                "policy": "{\"Statement\":[{\"Action\":[\"dynamodb:ListStreams\"],\"Effect\":\"Allow\",\"Resource\":\"*\"},{\"Action\":[\"dynamodb:GetRecords\",\"dynamodb:DescribeStream\",\"dynamodb:GetShardIterator\"],\"Effect\":\"Allow\",\"Resource\":\"arn:aws:dynamodb:us-east-1:474489807730:table/*/stream/*\"}],\"Version\":\"2012-10-17\"}"
              },
              {
                "name": "EnableKinesis",
                "policy": "{\"Statement\":[{\"Action\":[\"kinesis:PutRecord\",\"kinesis:PutRecords\"],\"Effect\":\"Allow\",\"Resource\":\"arn:aws:kinesis:us-east-1:474489807730:stream/*\"},{\"Action\":[\"kinesis:Get*\",\"kinesis:List*\",\"kinesis:Describe*\"],\"Effect\":\"Allow\",\"Resource\":\"arn:aws:kinesis:us-east-1:474489807730:stream/*\"}],\"Version\":\"2012-10-17\"}"
              },
              {
                "name": "EnableLog",
                "policy": "{\"Statement\":[{\"Action\":[\"logs:CreateLogGroup\",\"logs:CreateLogStream\",\"logs:PutLogEvents\"],\"Effect\":\"Allow\",\"Resource\":\"arn:aws:logs:*:*:*\"}],\"Version\":\"2012-10-17\"}"
              },
              {
                "name": "EnableS3",
                "policy": "{\"Statement\":[{\"Action\":[\"s3:*\"],\"Effect\":\"Allow\",\"Resource\":\"arn:aws:s3:::*\"}],\"Version\":\"2012-10-17\"}"
              },
              {
                "name": "EnableSNS",
                "policy": "{\"Statement\":[{\"Action\":[\"sns:CreateTopic\",\"sns:Publish\"],\"Effect\":\"Allow\",\"Resource\":\"arn:aws:sns:us-east-1:474489807730:*\"}],\"Version\":\"2012-10-17\"}"
              },
              {
                "name": "EnableSQS",
                "policy": "{\"Statement\":[{\"Action\":[\"sqs:ReceiveMessage\",\"sqs:DeleteMessage\",\"sqs:GetQueueAttributes\"],\"Effect\":\"Allow\",\"Resource\":\"arn:aws:sqs:us-east-1:474489807730:*\"}],\"Version\":\"2012-10-17\"}"
              },
              {
                "name": "EnableSSM",
                "policy": "{\"Statement\":[{\"Action\":[\"ssm:GetParameter\",\"ssm:GetParameters\",\"ssm:GetParametersByPath\",\"ssm:DescribeParameters\",\"ssm:PutParameter\"],\"Effect\":\"Allow\",\"Resource\":\"arn:aws:ssm:us-east-1:474489807730:*\"}],\"Version\":\"2012-10-17\"}"
              }
            ],
            "managed_policy_arns": [],
            "max_session_duration": 3600,
            "name": "service-lambda-role",
            "name_prefix": "",
            "path": "/",
            "permissions_boundary": null,
            "tags": null,
            "tags_all": {},
            "unique_id": "AROAW46OL4NZLKCTLYQOI"
          },
          "sensitive_attributes": [],
          "private": "bnVsbA==",
          "dependencies": [
            "module.identity.data.aws_caller_identity.current"
          ]
        }
      ]
    },
    {
      "module": "module.iam",
      "mode": "managed",
      "type": "aws_ssm_parameter",
      "name": "lambda_role_arn",
      "provider": "provider[\"registry.terraform.io/hashicorp/aws\"]",
      "instances": [
        {
          "schema_version": 0,
          "attributes": {
            "allowed_pattern": "",
            "arn": "arn:aws:ssm:us-east-1:474489807730:parameter/terraform/iam/lambda-role-arn",
            "data_type": "text",
            "description": "",
            "id": "/terraform/iam/lambda-role-arn",
            "key_id": "",
            "name": "/terraform/iam/lambda-role-arn",
            "overwrite": null,
            "tags": {},
            "tags_all": {},
            "tier": "Standard",
            "type": "String",
            "value": "arn:aws:iam::474489807730:role/service-lambda-role",
            "version": 2
          },
          "sensitive_attributes": [],
          "private": "bnVsbA==",
          "dependencies": [
            "module.iam.aws_iam_role.lambda",
            "module.identity.data.aws_caller_identity.current"
          ]
        }
      ]
    },
    {
      "module": "module.identity",
      "mode": "data",
      "type": "aws_caller_identity",
      "name": "current",
      "provider": "provider[\"registry.terraform.io/hashicorp/aws\"]",
      "instances": [
        {
          "schema_version": 0,
          "attributes": {
            "account_id": "474489807730",
            "arn": "arn:aws:iam::474489807730:user/ken",
            "id": "474489807730",
            "user_id": "AIDAW46OL4NZAO5CNAQ4P"
          },
          "sensitive_attributes": []
        }
      ]
    },
    {
      "module": "module.kinesis",
      "mode": "managed",
      "type": "aws_kinesis_stream",
      "name": "event",
      "provider": "provider[\"registry.terraform.io/hashicorp/aws\"]",
      "instances": [
        {
          "schema_version": 1,
          "attributes": {
            "arn": "arn:aws:kinesis:us-east-1:474489807730:stream/local-EventStream",
            "encryption_type": "NONE",
            "enforce_consumer_deletion": false,
            "id": "arn:aws:kinesis:us-east-1:474489807730:stream/local-EventStream",
            "kms_key_id": "",
            "name": "local-EventStream",
            "retention_period": 24,
            "shard_count": 1,
            "shard_level_metrics": [],
            "stream_mode_details": [
              {
                "stream_mode": "PROVISIONED"
              }
            ],
            "tags": {},
            "tags_all": {},
            "timeouts": null
          },
          "sensitive_attributes": [],
          "private": "eyJlMmJmYjczMC1lY2FhLTExZTYtOGY4OC0zNDM2M2JjN2M0YzAiOnsiY3JlYXRlIjozMDAwMDAwMDAwMDAsImRlbGV0ZSI6NzIwMDAwMDAwMDAwMCwidXBkYXRlIjo3MjAwMDAwMDAwMDAwfSwic2NoZW1hX3ZlcnNpb24iOiIxIn0="
        }
      ]
    },
    {
      "module": "module.kinesis",
      "mode": "managed",
      "type": "aws_ssm_parameter",
      "name": "listing_db_host",
      "provider": "provider[\"registry.terraform.io/hashicorp/aws\"]",
      "instances": [
        {
          "schema_version": 0,
          "attributes": {
            "allowed_pattern": "",
            "arn": "arn:aws:ssm:us-east-1:474489807730:parameter/terraform/kinesis/event-stream-arn",
            "data_type": "text",
            "description": "",
            "id": "/terraform/kinesis/event-stream-arn",
            "key_id": "",
            "name": "/terraform/kinesis/event-stream-arn",
            "overwrite": null,
            "tags": {},
            "tags_all": {},
            "tier": "Standard",
            "type": "String",
            "value": "arn:aws:kinesis:us-east-1:474489807730:stream/local-EventStream",
            "version": 1
          },
          "sensitive_attributes": [],
          "private": "bnVsbA==",
          "dependencies": [
            "module.kinesis.aws_kinesis_stream.event"
          ]
        }
      ]
    },
    {
      "module": "module.rds",
      "mode": "managed",
      "type": "aws_db_instance",
      "name": "listing",
      "provider": "provider[\"registry.terraform.io/hashicorp/aws\"]",
      "instances": [
        {
          "schema_version": 1,
          "attributes": {
            "address": "local-rental-storage-listing-db.clpv3k28jr2b.us-east-1.rds.amazonaws.com",
            "allocated_storage": 20,
            "allow_major_version_upgrade": null,
            "apply_immediately": null,
            "arn": "arn:aws:rds:us-east-1:474489807730:db:local-rental-storage-listing-db",
            "auto_minor_version_upgrade": true,
            "availability_zone": "us-east-1c",
            "backup_retention_period": 0,
            "backup_window": "08:02-08:32",
            "ca_cert_identifier": "rds-ca-2019",
            "character_set_name": "",
            "copy_tags_to_snapshot": false,
            "customer_owned_ip_enabled": false,
            "db_subnet_group_name": "terraform-20221212043429600000000003",
            "delete_automated_backups": true,
            "deletion_protection": false,
            "domain": "",
            "domain_iam_role_name": "",
            "enabled_cloudwatch_logs_exports": [],
            "endpoint": "local-rental-storage-listing-db.clpv3k28jr2b.us-east-1.rds.amazonaws.com:5432",
            "engine": "postgres",
            "engine_version": "12.7",
            "engine_version_actual": "12.7",
            "final_snapshot_identifier": null,
            "hosted_zone_id": "Z2R2ITUGPM61AM",
            "iam_database_authentication_enabled": false,
            "id": "local-rental-storage-listing-db",
            "identifier": "local-rental-storage-listing-db",
            "identifier_prefix": null,
            "instance_class": "db.t3.micro",
            "iops": 0,
            "kms_key_id": "",
            "latest_restorable_time": "0001-01-01T00:00:00Z",
            "license_model": "postgresql-license",
            "maintenance_window": "tue:07:17-tue:07:47",
            "max_allocated_storage": 0,
            "monitoring_interval": 0,
            "monitoring_role_arn": "",
            "multi_az": false,
            "name": "listings",
            "nchar_character_set_name": "",
            "option_group_name": "default:postgres-12",
            "parameter_group_name": "default.postgres12",
            "password": "password",
            "performance_insights_enabled": false,
            "performance_insights_kms_key_id": "",
            "performance_insights_retention_period": 0,
            "port": 5432,
            "publicly_accessible": true,
            "replica_mode": "",
            "replicas": [],
            "replicate_source_db": "",
            "resource_id": "db-GXBJ4OS62TIQQKREM5T5FXHBV4",
            "restore_to_point_in_time": [],
            "s3_import": [],
            "security_group_names": [],
            "skip_final_snapshot": true,
            "snapshot_identifier": null,
            "status": "available",
            "storage_encrypted": false,
            "storage_type": "gp2",
            "tags": {},
            "tags_all": {},
            "timeouts": null,
            "timezone": "",
            "username": "postgres",
            "vpc_security_group_ids": [
              "sg-0e02ae0eb62946712"
            ]
          },
          "sensitive_attributes": [],
          "private": "eyJlMmJmYjczMC1lY2FhLTExZTYtOGY4OC0zNDM2M2JjN2M0YzAiOnsiY3JlYXRlIjoyNDAwMDAwMDAwMDAwLCJkZWxldGUiOjM2MDAwMDAwMDAwMDAsInVwZGF0ZSI6NDgwMDAwMDAwMDAwMH0sInNjaGVtYV92ZXJzaW9uIjoiMSJ9",
          "dependencies": [
            "module.ec2.aws_db_subnet_group.serverless",
            "module.ec2.aws_security_group.serverless",
            "module.ec2.aws_subnet.a",
            "module.ec2.aws_subnet.b",
            "module.ec2.aws_subnet.c",
            "module.ec2.aws_vpc.default"
          ]
        }
      ]
    },
    {
      "module": "module.rds",
      "mode": "managed",
      "type": "aws_db_instance",
      "name": "user",
      "provider": "provider[\"registry.terraform.io/hashicorp/aws\"]",
      "instances": [
        {
          "schema_version": 1,
          "attributes": {
            "address": "local-rental-storage-user-db.clpv3k28jr2b.us-east-1.rds.amazonaws.com",
            "allocated_storage": 20,
            "allow_major_version_upgrade": null,
            "apply_immediately": null,
            "arn": "arn:aws:rds:us-east-1:474489807730:db:local-rental-storage-user-db",
            "auto_minor_version_upgrade": true,
            "availability_zone": "us-east-1a",
            "backup_retention_period": 0,
            "backup_window": "07:54-08:24",
            "ca_cert_identifier": "rds-ca-2019",
            "character_set_name": "",
            "copy_tags_to_snapshot": false,
            "customer_owned_ip_enabled": false,
            "db_subnet_group_name": "terraform-20221212043429600000000003",
            "delete_automated_backups": true,
            "deletion_protection": false,
            "domain": "",
            "domain_iam_role_name": "",
            "enabled_cloudwatch_logs_exports": [],
            "endpoint": "local-rental-storage-user-db.clpv3k28jr2b.us-east-1.rds.amazonaws.com:5432",
            "engine": "postgres",
            "engine_version": "12.7",
            "engine_version_actual": "12.7",
            "final_snapshot_identifier": null,
            "hosted_zone_id": "Z2R2ITUGPM61AM",
            "iam_database_authentication_enabled": false,
            "id": "local-rental-storage-user-db",
            "identifier": "local-rental-storage-user-db",
            "identifier_prefix": null,
            "instance_class": "db.t3.micro",
            "iops": 0,
            "kms_key_id": "",
            "latest_restorable_time": "0001-01-01T00:00:00Z",
            "license_model": "postgresql-license",
            "maintenance_window": "sat:06:31-sat:07:01",
            "max_allocated_storage": 0,
            "monitoring_interval": 0,
            "monitoring_role_arn": "",
            "multi_az": false,
            "name": "users",
            "nchar_character_set_name": "",
            "option_group_name": "default:postgres-12",
            "parameter_group_name": "default.postgres12",
            "password": "password",
            "performance_insights_enabled": false,
            "performance_insights_kms_key_id": "",
            "performance_insights_retention_period": 0,
            "port": 5432,
            "publicly_accessible": true,
            "replica_mode": "",
            "replicas": [],
            "replicate_source_db": "",
            "resource_id": "db-VXVPYTIQ3YMDRW4TEBI5K27CRQ",
            "restore_to_point_in_time": [],
            "s3_import": [],
            "security_group_names": [],
            "skip_final_snapshot": true,
            "snapshot_identifier": null,
            "status": "available",
            "storage_encrypted": false,
            "storage_type": "gp2",
            "tags": {},
            "tags_all": {},
            "timeouts": null,
            "timezone": "",
            "username": "postgres",
            "vpc_security_group_ids": [
              "sg-0e02ae0eb62946712"
            ]
          },
          "sensitive_attributes": [],
          "private": "eyJlMmJmYjczMC1lY2FhLTExZTYtOGY4OC0zNDM2M2JjN2M0YzAiOnsiY3JlYXRlIjoyNDAwMDAwMDAwMDAwLCJkZWxldGUiOjM2MDAwMDAwMDAwMDAsInVwZGF0ZSI6NDgwMDAwMDAwMDAwMH0sInNjaGVtYV92ZXJzaW9uIjoiMSJ9",
          "dependencies": [
            "module.ec2.aws_db_subnet_group.serverless",
            "module.ec2.aws_security_group.serverless",
            "module.ec2.aws_subnet.a",
            "module.ec2.aws_subnet.b",
            "module.ec2.aws_subnet.c",
            "module.ec2.aws_vpc.default"
          ]
        }
      ]
    },
    {
      "module": "module.rds",
      "mode": "managed",
      "type": "aws_ssm_parameter",
      "name": "listing_db_host",
      "provider": "provider[\"registry.terraform.io/hashicorp/aws\"]",
      "instances": [
        {
          "schema_version": 0,
          "attributes": {
            "allowed_pattern": "",
            "arn": "arn:aws:ssm:us-east-1:474489807730:parameter/terraform/rds/listing-db-host",
            "data_type": "text",
            "description": "",
            "id": "/terraform/rds/listing-db-host",
            "key_id": "",
            "name": "/terraform/rds/listing-db-host",
            "overwrite": null,
            "tags": {},
            "tags_all": {},
            "tier": "Standard",
            "type": "String",
            "value": "local-rental-storage-listing-db.clpv3k28jr2b.us-east-1.rds.amazonaws.com",
            "version": 1
          },
          "sensitive_attributes": [],
          "private": "bnVsbA==",
          "dependencies": [
            "module.ec2.aws_db_subnet_group.serverless",
            "module.ec2.aws_security_group.serverless",
            "module.ec2.aws_subnet.a",
            "module.ec2.aws_subnet.b",
            "module.ec2.aws_subnet.c",
            "module.ec2.aws_vpc.default",
            "module.rds.aws_db_instance.listing"
          ]
        }
      ]
    },
    {
      "module": "module.rds",
      "mode": "managed",
      "type": "aws_ssm_parameter",
      "name": "listing_db_name",
      "provider": "provider[\"registry.terraform.io/hashicorp/aws\"]",
      "instances": [
        {
          "schema_version": 0,
          "attributes": {
            "allowed_pattern": "",
            "arn": "arn:aws:ssm:us-east-1:474489807730:parameter/terraform/rds/listing-db-name",
            "data_type": "text",
            "description": "",
            "id": "/terraform/rds/listing-db-name",
            "key_id": "",
            "name": "/terraform/rds/listing-db-name",
            "overwrite": null,
            "tags": {},
            "tags_all": {},
            "tier": "Standard",
            "type": "String",
            "value": "listings",
            "version": 1
          },
          "sensitive_attributes": [],
          "private": "bnVsbA==",
          "dependencies": [
            "module.ec2.aws_db_subnet_group.serverless",
            "module.ec2.aws_security_group.serverless",
            "module.ec2.aws_subnet.a",
            "module.ec2.aws_subnet.b",
            "module.ec2.aws_subnet.c",
            "module.ec2.aws_vpc.default",
            "module.rds.aws_db_instance.listing"
          ]
        }
      ]
    },
    {
      "module": "module.rds",
      "mode": "managed",
      "type": "aws_ssm_parameter",
      "name": "listing_db_password",
      "provider": "provider[\"registry.terraform.io/hashicorp/aws\"]",
      "instances": [
        {
          "schema_version": 0,
          "attributes": {
            "allowed_pattern": "",
            "arn": "arn:aws:ssm:us-east-1:474489807730:parameter/terraform/rds/listing-db-password",
            "data_type": "text",
            "description": "",
            "id": "/terraform/rds/listing-db-password",
            "key_id": "",
            "name": "/terraform/rds/listing-db-password",
            "overwrite": null,
            "tags": {},
            "tags_all": {},
            "tier": "Standard",
            "type": "String",
            "value": "password",
            "version": 1
          },
          "sensitive_attributes": [
            [
              {
                "type": "get_attr",
                "value": "value"
              }
            ]
          ],
          "private": "bnVsbA==",
          "dependencies": [
            "module.ec2.aws_db_subnet_group.serverless",
            "module.ec2.aws_security_group.serverless",
            "module.ec2.aws_subnet.a",
            "module.ec2.aws_subnet.b",
            "module.ec2.aws_subnet.c",
            "module.ec2.aws_vpc.default",
            "module.rds.aws_db_instance.listing"
          ]
        }
      ]
    },
    {
      "module": "module.rds",
      "mode": "managed",
      "type": "aws_ssm_parameter",
      "name": "listing_db_port",
      "provider": "provider[\"registry.terraform.io/hashicorp/aws\"]",
      "instances": [
        {
          "schema_version": 0,
          "attributes": {
            "allowed_pattern": "",
            "arn": "arn:aws:ssm:us-east-1:474489807730:parameter/terraform/rds/listing-db-port",
            "data_type": "text",
            "description": "",
            "id": "/terraform/rds/listing-db-port",
            "key_id": "",
            "name": "/terraform/rds/listing-db-port",
            "overwrite": null,
            "tags": {},
            "tags_all": {},
            "tier": "Standard",
            "type": "String",
            "value": "5432",
            "version": 1
          },
          "sensitive_attributes": [],
          "private": "bnVsbA==",
          "dependencies": [
            "module.ec2.aws_db_subnet_group.serverless",
            "module.ec2.aws_security_group.serverless",
            "module.ec2.aws_subnet.a",
            "module.ec2.aws_subnet.b",
            "module.ec2.aws_subnet.c",
            "module.ec2.aws_vpc.default",
            "module.rds.aws_db_instance.listing"
          ]
        }
      ]
    },
    {
      "module": "module.rds",
      "mode": "managed",
      "type": "aws_ssm_parameter",
      "name": "listing_db_username",
      "provider": "provider[\"registry.terraform.io/hashicorp/aws\"]",
      "instances": [
        {
          "schema_version": 0,
          "attributes": {
            "allowed_pattern": "",
            "arn": "arn:aws:ssm:us-east-1:474489807730:parameter/terraform/rds/listing-db-username",
            "data_type": "text",
            "description": "",
            "id": "/terraform/rds/listing-db-username",
            "key_id": "",
            "name": "/terraform/rds/listing-db-username",
            "overwrite": null,
            "tags": {},
            "tags_all": {},
            "tier": "Standard",
            "type": "String",
            "value": "postgres",
            "version": 1
          },
          "sensitive_attributes": [],
          "private": "bnVsbA==",
          "dependencies": [
            "module.ec2.aws_db_subnet_group.serverless",
            "module.ec2.aws_security_group.serverless",
            "module.ec2.aws_subnet.a",
            "module.ec2.aws_subnet.b",
            "module.ec2.aws_subnet.c",
            "module.ec2.aws_vpc.default",
            "module.rds.aws_db_instance.listing"
          ]
        }
      ]
    },
    {
      "module": "module.rds",
      "mode": "managed",
      "type": "aws_ssm_parameter",
      "name": "user_db_host",
      "provider": "provider[\"registry.terraform.io/hashicorp/aws\"]",
      "instances": [
        {
          "schema_version": 0,
          "attributes": {
            "allowed_pattern": "",
            "arn": "arn:aws:ssm:us-east-1:474489807730:parameter/terraform/rds/user-db-host",
            "data_type": "text",
            "description": "",
            "id": "/terraform/rds/user-db-host",
            "key_id": "",
            "name": "/terraform/rds/user-db-host",
            "overwrite": null,
            "tags": {},
            "tags_all": {},
            "tier": "Standard",
            "type": "String",
            "value": "local-rental-storage-user-db.clpv3k28jr2b.us-east-1.rds.amazonaws.com",
            "version": 1
          },
          "sensitive_attributes": [],
          "private": "bnVsbA==",
          "dependencies": [
            "module.ec2.aws_db_subnet_group.serverless",
            "module.ec2.aws_security_group.serverless",
            "module.ec2.aws_subnet.a",
            "module.ec2.aws_subnet.b",
            "module.ec2.aws_subnet.c",
            "module.ec2.aws_vpc.default",
            "module.rds.aws_db_instance.user"
          ]
        }
      ]
    },
    {
      "module": "module.rds",
      "mode": "managed",
      "type": "aws_ssm_parameter",
      "name": "user_db_name",
      "provider": "provider[\"registry.terraform.io/hashicorp/aws\"]",
      "instances": [
        {
          "schema_version": 0,
          "attributes": {
            "allowed_pattern": "",
            "arn": "arn:aws:ssm:us-east-1:474489807730:parameter/terraform/rds/user-db-name",
            "data_type": "text",
            "description": "",
            "id": "/terraform/rds/user-db-name",
            "key_id": "",
            "name": "/terraform/rds/user-db-name",
            "overwrite": null,
            "tags": {},
            "tags_all": {},
            "tier": "Standard",
            "type": "String",
            "value": "users",
            "version": 1
          },
          "sensitive_attributes": [],
          "private": "bnVsbA==",
          "dependencies": [
            "module.ec2.aws_db_subnet_group.serverless",
            "module.ec2.aws_security_group.serverless",
            "module.ec2.aws_subnet.a",
            "module.ec2.aws_subnet.b",
            "module.ec2.aws_subnet.c",
            "module.ec2.aws_vpc.default",
            "module.rds.aws_db_instance.user"
          ]
        }
      ]
    },
    {
      "module": "module.rds",
      "mode": "managed",
      "type": "aws_ssm_parameter",
      "name": "user_db_password",
      "provider": "provider[\"registry.terraform.io/hashicorp/aws\"]",
      "instances": [
        {
          "schema_version": 0,
          "attributes": {
            "allowed_pattern": "",
            "arn": "arn:aws:ssm:us-east-1:474489807730:parameter/terraform/rds/user-db-password",
            "data_type": "text",
            "description": "",
            "id": "/terraform/rds/user-db-password",
            "key_id": "",
            "name": "/terraform/rds/user-db-password",
            "overwrite": null,
            "tags": {},
            "tags_all": {},
            "tier": "Standard",
            "type": "String",
            "value": "password",
            "version": 1
          },
          "sensitive_attributes": [
            [
              {
                "type": "get_attr",
                "value": "value"
              }
            ]
          ],
          "private": "bnVsbA==",
          "dependencies": [
            "module.ec2.aws_db_subnet_group.serverless",
            "module.ec2.aws_security_group.serverless",
            "module.ec2.aws_subnet.a",
            "module.ec2.aws_subnet.b",
            "module.ec2.aws_subnet.c",
            "module.ec2.aws_vpc.default",
            "module.rds.aws_db_instance.user"
          ]
        }
      ]
    },
    {
      "module": "module.rds",
      "mode": "managed",
      "type": "aws_ssm_parameter",
      "name": "user_db_port",
      "provider": "provider[\"registry.terraform.io/hashicorp/aws\"]",
      "instances": [
        {
          "schema_version": 0,
          "attributes": {
            "allowed_pattern": "",
            "arn": "arn:aws:ssm:us-east-1:474489807730:parameter/terraform/rds/user-db-port",
            "data_type": "text",
            "description": "",
            "id": "/terraform/rds/user-db-port",
            "key_id": "",
            "name": "/terraform/rds/user-db-port",
            "overwrite": null,
            "tags": {},
            "tags_all": {},
            "tier": "Standard",
            "type": "String",
            "value": "5432",
            "version": 1
          },
          "sensitive_attributes": [],
          "private": "bnVsbA==",
          "dependencies": [
            "module.ec2.aws_db_subnet_group.serverless",
            "module.ec2.aws_security_group.serverless",
            "module.ec2.aws_subnet.a",
            "module.ec2.aws_subnet.b",
            "module.ec2.aws_subnet.c",
            "module.ec2.aws_vpc.default",
            "module.rds.aws_db_instance.user"
          ]
        }
      ]
    },
    {
      "module": "module.rds",
      "mode": "managed",
      "type": "aws_ssm_parameter",
      "name": "user_db_username",
      "provider": "provider[\"registry.terraform.io/hashicorp/aws\"]",
      "instances": [
        {
          "schema_version": 0,
          "attributes": {
            "allowed_pattern": "",
            "arn": "arn:aws:ssm:us-east-1:474489807730:parameter/terraform/rds/user-db-username",
            "data_type": "text",
            "description": "",
            "id": "/terraform/rds/user-db-username",
            "key_id": "",
            "name": "/terraform/rds/user-db-username",
            "overwrite": null,
            "tags": {},
            "tags_all": {},
            "tier": "Standard",
            "type": "String",
            "value": "postgres",
            "version": 1
          },
          "sensitive_attributes": [],
          "private": "bnVsbA==",
          "dependencies": [
            "module.ec2.aws_db_subnet_group.serverless",
            "module.ec2.aws_security_group.serverless",
            "module.ec2.aws_subnet.a",
            "module.ec2.aws_subnet.b",
            "module.ec2.aws_subnet.c",
            "module.ec2.aws_vpc.default",
            "module.rds.aws_db_instance.user"
          ]
        }
      ]
    },
    {
      "module": "module.s3",
      "mode": "data",
      "type": "aws_iam_policy_document",
      "name": "listing_profile",
      "provider": "provider[\"registry.terraform.io/hashicorp/aws\"]",
      "instances": [
        {
          "schema_version": 0,
          "attributes": {
            "id": "2482704295",
            "json": "{\n  \"Version\": \"2012-10-17\",\n  \"Statement\": [\n    {\n      \"Sid\": \"PublicReadForGetBucketObjects\",\n      \"Effect\": \"Allow\",\n      \"Action\": [\n        \"s3:PutObject\",\n        \"s3:GetObject\"\n      ],\n      \"Resource\": \"arn:aws:s3:::local-474489807730-listing-profile/*\",\n      \"Principal\": \"*\"\n    }\n  ]\n}",
            "override_json": null,
            "override_policy_documents": null,
            "policy_id": null,
            "source_json": null,
            "source_policy_documents": null,
            "statement": [
              {
                "actions": [
                  "s3:GetObject",
                  "s3:PutObject"
                ],
                "condition": [],
                "effect": "Allow",
                "not_actions": [],
                "not_principals": [],
                "not_resources": [],
                "principals": [
                  {
                    "identifiers": [
                      "*"
                    ],
                    "type": "*"
                  }
                ],
                "resources": [
                  "arn:aws:s3:::local-474489807730-listing-profile/*"
                ],
                "sid": "PublicReadForGetBucketObjects"
              }
            ],
            "version": "2012-10-17"
          },
          "sensitive_attributes": []
        }
      ]
    },
    {
      "module": "module.s3",
      "mode": "managed",
      "type": "aws_s3_bucket",
      "name": "listing_profile",
      "provider": "provider[\"registry.terraform.io/hashicorp/aws\"]",
      "instances": [
        {
          "schema_version": 0,
          "attributes": {
            "acceleration_status": "",
            "acl": "private",
            "arn": "arn:aws:s3:::local-474489807730-listing-profile",
            "bucket": "local-474489807730-listing-profile",
            "bucket_domain_name": "local-474489807730-listing-profile.s3.amazonaws.com",
            "bucket_prefix": null,
            "bucket_regional_domain_name": "local-474489807730-listing-profile.s3.amazonaws.com",
            "cors_rule": [],
            "force_destroy": false,
            "grant": [],
            "hosted_zone_id": "Z3AQBSTGFYJSTF",
            "id": "local-474489807730-listing-profile",
            "lifecycle_rule": [],
            "logging": [],
            "object_lock_configuration": [],
            "object_lock_enabled": false,
            "policy": null,
            "region": "us-east-1",
            "replication_configuration": [],
            "request_payer": "BucketOwner",
            "server_side_encryption_configuration": [],
            "tags": {},
            "tags_all": {},
            "versioning": [
              {
                "enabled": false,
                "mfa_delete": false
              }
            ],
            "website": [],
            "website_domain": null,
            "website_endpoint": null
          },
          "sensitive_attributes": [],
          "private": "bnVsbA==",
          "dependencies": [
            "module.identity.data.aws_caller_identity.current"
          ]
        }
      ]
    },
    {
      "module": "module.s3",
      "mode": "managed",
      "type": "aws_s3_bucket_acl",
      "name": "listing_profile",
      "provider": "provider[\"registry.terraform.io/hashicorp/aws\"]",
      "instances": [
        {
          "schema_version": 0,
          "attributes": {
            "access_control_policy": [
              {
                "grant": [
                  {
                    "grantee": [
                      {
                        "display_name": "kokiebisu",
                        "email_address": "",
                        "id": "f97dc3c4742b65feafa167a7dc94df9c137f452ab29459276c76c39fea1f1c79",
                        "type": "CanonicalUser",
                        "uri": ""
                      }
                    ],
                    "permission": "FULL_CONTROL"
                  }
                ],
                "owner": [
                  {
                    "display_name": "kokiebisu",
                    "id": "f97dc3c4742b65feafa167a7dc94df9c137f452ab29459276c76c39fea1f1c79"
                  }
                ]
              }
            ],
            "acl": "public-read-write",
            "bucket": "local-474489807730-listing-profile",
            "expected_bucket_owner": "",
            "id": "local-474489807730-listing-profile,public-read-write"
          },
          "sensitive_attributes": [],
          "private": "bnVsbA==",
          "dependencies": [
            "module.identity.data.aws_caller_identity.current",
            "module.s3.aws_s3_bucket.listing_profile"
          ]
        }
      ]
    },
    {
      "module": "module.s3",
      "mode": "managed",
      "type": "aws_s3_bucket_cors_configuration",
      "name": "listing_profile",
      "provider": "provider[\"registry.terraform.io/hashicorp/aws\"]",
      "instances": [
        {
          "schema_version": 0,
          "attributes": {
            "bucket": "local-474489807730-listing-profile",
            "cors_rule": [
              {
                "allowed_headers": [
                  "*"
                ],
                "allowed_methods": [
                  "GET",
                  "HEAD",
                  "POST",
                  "PUT"
                ],
                "allowed_origins": [
                  "*"
                ],
                "expose_headers": [],
                "id": "",
                "max_age_seconds": 0
              }
            ],
            "expected_bucket_owner": "",
            "id": "local-474489807730-listing-profile"
          },
          "sensitive_attributes": [],
          "private": "bnVsbA==",
          "dependencies": [
            "module.identity.data.aws_caller_identity.current",
            "module.s3.aws_s3_bucket.listing_profile"
          ]
        }
      ]
    },
    {
      "module": "module.s3",
      "mode": "managed",
      "type": "aws_s3_bucket_policy",
      "name": "listing_profile",
      "provider": "provider[\"registry.terraform.io/hashicorp/aws\"]",
      "instances": [
        {
          "schema_version": 0,
          "attributes": {
            "bucket": "local-474489807730-listing-profile",
            "id": "local-474489807730-listing-profile",
            "policy": "{\"Statement\":[{\"Action\":[\"s3:PutObject\",\"s3:GetObject\"],\"Effect\":\"Allow\",\"Principal\":\"*\",\"Resource\":\"arn:aws:s3:::local-474489807730-listing-profile/*\",\"Sid\":\"PublicReadForGetBucketObjects\"}],\"Version\":\"2012-10-17\"}"
          },
          "sensitive_attributes": [],
          "private": "bnVsbA==",
          "dependencies": [
            "module.identity.data.aws_caller_identity.current",
            "module.s3.aws_s3_bucket.listing_profile",
            "module.s3.data.aws_iam_policy_document.listing_profile"
          ]
        }
      ]
    },
    {
      "module": "module.sns",
      "mode": "managed",
      "type": "aws_sns_topic",
      "name": "authentication",
      "provider": "provider[\"registry.terraform.io/hashicorp/aws\"]",
      "instances": [
        {
          "schema_version": 0,
          "attributes": {
            "application_failure_feedback_role_arn": "",
            "application_success_feedback_role_arn": "",
            "application_success_feedback_sample_rate": 0,
            "arn": "arn:aws:sns:us-east-1:474489807730:local-rental-storage-authentication-topic",
            "content_based_deduplication": false,
            "delivery_policy": "",
            "display_name": "",
            "fifo_topic": false,
            "firehose_failure_feedback_role_arn": "",
            "firehose_success_feedback_role_arn": "",
            "firehose_success_feedback_sample_rate": 0,
            "http_failure_feedback_role_arn": "",
            "http_success_feedback_role_arn": "",
            "http_success_feedback_sample_rate": 0,
            "id": "arn:aws:sns:us-east-1:474489807730:local-rental-storage-authentication-topic",
            "kms_master_key_id": "",
            "lambda_failure_feedback_role_arn": "",
            "lambda_success_feedback_role_arn": "",
            "lambda_success_feedback_sample_rate": 0,
            "name": "local-rental-storage-authentication-topic",
            "name_prefix": "",
            "owner": "474489807730",
            "policy": "{\"Version\":\"2008-10-17\",\"Id\":\"__default_policy_ID\",\"Statement\":[{\"Sid\":\"__default_statement_ID\",\"Effect\":\"Allow\",\"Principal\":{\"AWS\":\"*\"},\"Action\":[\"SNS:GetTopicAttributes\",\"SNS:SetTopicAttributes\",\"SNS:AddPermission\",\"SNS:RemovePermission\",\"SNS:DeleteTopic\",\"SNS:Subscribe\",\"SNS:ListSubscriptionsByTopic\",\"SNS:Publish\"],\"Resource\":\"arn:aws:sns:us-east-1:474489807730:local-rental-storage-authentication-topic\",\"Condition\":{\"StringEquals\":{\"AWS:SourceOwner\":\"474489807730\"}}}]}",
            "sqs_failure_feedback_role_arn": "",
            "sqs_success_feedback_role_arn": "",
            "sqs_success_feedback_sample_rate": 0,
            "tags": {},
            "tags_all": {}
          },
          "sensitive_attributes": [],
          "private": "bnVsbA=="
        }
      ]
    },
    {
      "module": "module.sns",
      "mode": "managed",
      "type": "aws_sns_topic",
      "name": "booking",
      "provider": "provider[\"registry.terraform.io/hashicorp/aws\"]",
      "instances": [
        {
          "schema_version": 0,
          "attributes": {
            "application_failure_feedback_role_arn": "",
            "application_success_feedback_role_arn": "",
            "application_success_feedback_sample_rate": 0,
            "arn": "arn:aws:sns:us-east-1:474489807730:local-rental-storage-booking-topic",
            "content_based_deduplication": false,
            "delivery_policy": "",
            "display_name": "",
            "fifo_topic": false,
            "firehose_failure_feedback_role_arn": "",
            "firehose_success_feedback_role_arn": "",
            "firehose_success_feedback_sample_rate": 0,
            "http_failure_feedback_role_arn": "",
            "http_success_feedback_role_arn": "",
            "http_success_feedback_sample_rate": 0,
            "id": "arn:aws:sns:us-east-1:474489807730:local-rental-storage-booking-topic",
            "kms_master_key_id": "",
            "lambda_failure_feedback_role_arn": "",
            "lambda_success_feedback_role_arn": "",
            "lambda_success_feedback_sample_rate": 0,
            "name": "local-rental-storage-booking-topic",
            "name_prefix": "",
            "owner": "474489807730",
            "policy": "{\"Version\":\"2008-10-17\",\"Id\":\"__default_policy_ID\",\"Statement\":[{\"Sid\":\"__default_statement_ID\",\"Effect\":\"Allow\",\"Principal\":{\"AWS\":\"*\"},\"Action\":[\"SNS:GetTopicAttributes\",\"SNS:SetTopicAttributes\",\"SNS:AddPermission\",\"SNS:RemovePermission\",\"SNS:DeleteTopic\",\"SNS:Subscribe\",\"SNS:ListSubscriptionsByTopic\",\"SNS:Publish\"],\"Resource\":\"arn:aws:sns:us-east-1:474489807730:local-rental-storage-booking-topic\",\"Condition\":{\"StringEquals\":{\"AWS:SourceOwner\":\"474489807730\"}}}]}",
            "sqs_failure_feedback_role_arn": "",
            "sqs_success_feedback_role_arn": "",
            "sqs_success_feedback_sample_rate": 0,
            "tags": {},
            "tags_all": {}
          },
          "sensitive_attributes": [],
          "private": "bnVsbA=="
        }
      ]
    },
    {
      "module": "module.sns",
      "mode": "managed",
      "type": "aws_sns_topic",
      "name": "listing",
      "provider": "provider[\"registry.terraform.io/hashicorp/aws\"]",
      "instances": [
        {
          "schema_version": 0,
          "attributes": {
            "application_failure_feedback_role_arn": "",
            "application_success_feedback_role_arn": "",
            "application_success_feedback_sample_rate": 0,
            "arn": "arn:aws:sns:us-east-1:474489807730:local-rental-storage-listing-topic",
            "content_based_deduplication": false,
            "delivery_policy": "",
            "display_name": "",
            "fifo_topic": false,
            "firehose_failure_feedback_role_arn": "",
            "firehose_success_feedback_role_arn": "",
            "firehose_success_feedback_sample_rate": 0,
            "http_failure_feedback_role_arn": "",
            "http_success_feedback_role_arn": "",
            "http_success_feedback_sample_rate": 0,
            "id": "arn:aws:sns:us-east-1:474489807730:local-rental-storage-listing-topic",
            "kms_master_key_id": "",
            "lambda_failure_feedback_role_arn": "",
            "lambda_success_feedback_role_arn": "",
            "lambda_success_feedback_sample_rate": 0,
            "name": "local-rental-storage-listing-topic",
            "name_prefix": "",
            "owner": "474489807730",
            "policy": "{\"Version\":\"2008-10-17\",\"Id\":\"__default_policy_ID\",\"Statement\":[{\"Sid\":\"__default_statement_ID\",\"Effect\":\"Allow\",\"Principal\":{\"AWS\":\"*\"},\"Action\":[\"SNS:GetTopicAttributes\",\"SNS:SetTopicAttributes\",\"SNS:AddPermission\",\"SNS:RemovePermission\",\"SNS:DeleteTopic\",\"SNS:Subscribe\",\"SNS:ListSubscriptionsByTopic\",\"SNS:Publish\"],\"Resource\":\"arn:aws:sns:us-east-1:474489807730:local-rental-storage-listing-topic\",\"Condition\":{\"StringEquals\":{\"AWS:SourceOwner\":\"474489807730\"}}}]}",
            "sqs_failure_feedback_role_arn": "",
            "sqs_success_feedback_role_arn": "",
            "sqs_success_feedback_sample_rate": 0,
            "tags": {},
            "tags_all": {}
          },
          "sensitive_attributes": [],
          "private": "bnVsbA=="
        }
      ]
    },
    {
      "module": "module.sns",
      "mode": "managed",
      "type": "aws_sns_topic",
      "name": "payment",
      "provider": "provider[\"registry.terraform.io/hashicorp/aws\"]",
      "instances": [
        {
          "schema_version": 0,
          "attributes": {
            "application_failure_feedback_role_arn": "",
            "application_success_feedback_role_arn": "",
            "application_success_feedback_sample_rate": 0,
            "arn": "arn:aws:sns:us-east-1:474489807730:local-rental-storage-payment-topic",
            "content_based_deduplication": false,
            "delivery_policy": "",
            "display_name": "",
            "fifo_topic": false,
            "firehose_failure_feedback_role_arn": "",
            "firehose_success_feedback_role_arn": "",
            "firehose_success_feedback_sample_rate": 0,
            "http_failure_feedback_role_arn": "",
            "http_success_feedback_role_arn": "",
            "http_success_feedback_sample_rate": 0,
            "id": "arn:aws:sns:us-east-1:474489807730:local-rental-storage-payment-topic",
            "kms_master_key_id": "",
            "lambda_failure_feedback_role_arn": "",
            "lambda_success_feedback_role_arn": "",
            "lambda_success_feedback_sample_rate": 0,
            "name": "local-rental-storage-payment-topic",
            "name_prefix": "",
            "owner": "474489807730",
            "policy": "{\"Version\":\"2008-10-17\",\"Id\":\"__default_policy_ID\",\"Statement\":[{\"Sid\":\"__default_statement_ID\",\"Effect\":\"Allow\",\"Principal\":{\"AWS\":\"*\"},\"Action\":[\"SNS:GetTopicAttributes\",\"SNS:SetTopicAttributes\",\"SNS:AddPermission\",\"SNS:RemovePermission\",\"SNS:DeleteTopic\",\"SNS:Subscribe\",\"SNS:ListSubscriptionsByTopic\",\"SNS:Publish\"],\"Resource\":\"arn:aws:sns:us-east-1:474489807730:local-rental-storage-payment-topic\",\"Condition\":{\"StringEquals\":{\"AWS:SourceOwner\":\"474489807730\"}}}]}",
            "sqs_failure_feedback_role_arn": "",
            "sqs_success_feedback_role_arn": "",
            "sqs_success_feedback_sample_rate": 0,
            "tags": {},
            "tags_all": {}
          },
          "sensitive_attributes": [],
          "private": "bnVsbA=="
        }
      ]
    },
    {
      "module": "module.sns",
      "mode": "managed",
      "type": "aws_sns_topic",
      "name": "user",
      "provider": "provider[\"registry.terraform.io/hashicorp/aws\"]",
      "instances": [
        {
          "schema_version": 0,
          "attributes": {
            "application_failure_feedback_role_arn": "",
            "application_success_feedback_role_arn": "",
            "application_success_feedback_sample_rate": 0,
            "arn": "arn:aws:sns:us-east-1:474489807730:local-rental-storage-user-topic",
            "content_based_deduplication": false,
            "delivery_policy": "",
            "display_name": "",
            "fifo_topic": false,
            "firehose_failure_feedback_role_arn": "",
            "firehose_success_feedback_role_arn": "",
            "firehose_success_feedback_sample_rate": 0,
            "http_failure_feedback_role_arn": "",
            "http_success_feedback_role_arn": "",
            "http_success_feedback_sample_rate": 0,
            "id": "arn:aws:sns:us-east-1:474489807730:local-rental-storage-user-topic",
            "kms_master_key_id": "",
            "lambda_failure_feedback_role_arn": "",
            "lambda_success_feedback_role_arn": "",
            "lambda_success_feedback_sample_rate": 0,
            "name": "local-rental-storage-user-topic",
            "name_prefix": "",
            "owner": "474489807730",
            "policy": "{\"Version\":\"2008-10-17\",\"Id\":\"__default_policy_ID\",\"Statement\":[{\"Sid\":\"__default_statement_ID\",\"Effect\":\"Allow\",\"Principal\":{\"AWS\":\"*\"},\"Action\":[\"SNS:GetTopicAttributes\",\"SNS:SetTopicAttributes\",\"SNS:AddPermission\",\"SNS:RemovePermission\",\"SNS:DeleteTopic\",\"SNS:Subscribe\",\"SNS:ListSubscriptionsByTopic\",\"SNS:Publish\"],\"Resource\":\"arn:aws:sns:us-east-1:474489807730:local-rental-storage-user-topic\",\"Condition\":{\"StringEquals\":{\"AWS:SourceOwner\":\"474489807730\"}}}]}",
            "sqs_failure_feedback_role_arn": "",
            "sqs_success_feedback_role_arn": "",
            "sqs_success_feedback_sample_rate": 0,
            "tags": {},
            "tags_all": {}
          },
          "sensitive_attributes": [],
          "private": "bnVsbA=="
        }
      ]
    },
    {
      "module": "module.sqs",
      "mode": "managed",
      "type": "aws_sns_topic_subscription",
      "name": "booking",
      "provider": "provider[\"registry.terraform.io/hashicorp/aws\"]",
      "instances": [
        {
          "schema_version": 0,
          "attributes": {
            "arn": "arn:aws:sns:us-east-1:474489807730:local-rental-storage-user-topic:bf8cc569-9471-45c6-a6d0-00cd3aeec51b",
            "confirmation_timeout_in_minutes": 1,
            "confirmation_was_authenticated": true,
            "delivery_policy": "",
            "endpoint": "arn:aws:sqs:us-east-1:474489807730:local-rental-storage-booking-queue",
            "endpoint_auto_confirms": false,
            "filter_policy": "",
            "id": "arn:aws:sns:us-east-1:474489807730:local-rental-storage-user-topic:bf8cc569-9471-45c6-a6d0-00cd3aeec51b",
            "owner_id": "474489807730",
            "pending_confirmation": false,
            "protocol": "sqs",
            "raw_message_delivery": false,
            "redrive_policy": "",
            "subscription_role_arn": "",
            "topic_arn": "arn:aws:sns:us-east-1:474489807730:local-rental-storage-user-topic"
          },
          "sensitive_attributes": [],
          "private": "bnVsbA==",
          "dependencies": [
            "module.sns.aws_sns_topic.user",
            "module.sqs.aws_sqs_queue.booking",
            "module.sqs.aws_sqs_queue.booking_dead_letter",
            "module.sqs.aws_sqs_queue.payment",
            "module.sqs.aws_sqs_queue.payment_dead_letter"
          ]
        }
      ]
    },
    {
      "module": "module.sqs",
      "mode": "managed",
      "type": "aws_sqs_queue",
      "name": "booking",
      "provider": "provider[\"registry.terraform.io/hashicorp/aws\"]",
      "instances": [
        {
          "schema_version": 0,
          "attributes": {
            "arn": "arn:aws:sqs:us-east-1:474489807730:local-rental-storage-booking-queue",
            "content_based_deduplication": false,
            "deduplication_scope": "",
            "delay_seconds": 0,
            "fifo_queue": false,
            "fifo_throughput_limit": "",
            "id": "https://sqs.us-east-1.amazonaws.com/474489807730/local-rental-storage-booking-queue",
            "kms_data_key_reuse_period_seconds": 300,
            "kms_master_key_id": "",
            "max_message_size": 262144,
            "message_retention_seconds": 345600,
            "name": "local-rental-storage-booking-queue",
            "name_prefix": "",
            "policy": "{\"Version\":\"2012-10-17\",\"Id\":\"sqspolicy\",\"Statement\":[{\"Sid\":\"allow-sns-messages\",\"Effect\":\"Allow\",\"Principal\":\"*\",\"Resource\":\"arn:aws:sqs:us-east-1:474489807730:local-rental-storage-booking-queue\",\"Condition\":{\"ArnEquals\":{\"aws:SourceArn\":[\"arn:aws:sns:us-east-1:474489807730:local-rental-storage-payment-topic\",\"arn:aws:sns:us-east-1:474489807730:local-rental-storage-user-topic\"]}}}]}",
            "receive_wait_time_seconds": 0,
            "redrive_allow_policy": "",
            "redrive_policy": "{\"deadLetterTargetArn\":\"arn:aws:sqs:us-east-1:474489807730:local-rental-storage-booking-dead-letter-queue\",\"maxReceiveCount\":3}",
            "sqs_managed_sse_enabled": false,
            "tags": {},
            "tags_all": {},
            "url": "https://sqs.us-east-1.amazonaws.com/474489807730/local-rental-storage-booking-queue",
            "visibility_timeout_seconds": 30
          },
          "sensitive_attributes": [],
          "private": "bnVsbA==",
          "dependencies": [
            "module.sqs.aws_sqs_queue.booking_dead_letter"
          ]
        }
      ]
    },
    {
      "module": "module.sqs",
      "mode": "managed",
      "type": "aws_sqs_queue",
      "name": "booking_dead_letter",
      "provider": "provider[\"registry.terraform.io/hashicorp/aws\"]",
      "instances": [
        {
          "schema_version": 0,
          "attributes": {
            "arn": "arn:aws:sqs:us-east-1:474489807730:local-rental-storage-booking-dead-letter-queue",
            "content_based_deduplication": false,
            "deduplication_scope": "",
            "delay_seconds": 0,
            "fifo_queue": false,
            "fifo_throughput_limit": "",
            "id": "https://sqs.us-east-1.amazonaws.com/474489807730/local-rental-storage-booking-dead-letter-queue",
            "kms_data_key_reuse_period_seconds": 300,
            "kms_master_key_id": "",
            "max_message_size": 262144,
            "message_retention_seconds": 345600,
            "name": "local-rental-storage-booking-dead-letter-queue",
            "name_prefix": "",
            "policy": "",
            "receive_wait_time_seconds": 0,
            "redrive_allow_policy": "",
            "redrive_policy": "",
            "sqs_managed_sse_enabled": false,
            "tags": {},
            "tags_all": {},
            "url": "https://sqs.us-east-1.amazonaws.com/474489807730/local-rental-storage-booking-dead-letter-queue",
            "visibility_timeout_seconds": 30
          },
          "sensitive_attributes": [],
          "private": "bnVsbA=="
        }
      ]
    },
    {
      "module": "module.sqs",
      "mode": "managed",
      "type": "aws_sqs_queue",
      "name": "listing",
      "provider": "provider[\"registry.terraform.io/hashicorp/aws\"]",
      "instances": [
        {
          "schema_version": 0,
          "attributes": {
            "arn": "arn:aws:sqs:us-east-1:474489807730:local-rental-storage-listing-queue",
            "content_based_deduplication": false,
            "deduplication_scope": "",
            "delay_seconds": 0,
            "fifo_queue": false,
            "fifo_throughput_limit": "",
            "id": "https://sqs.us-east-1.amazonaws.com/474489807730/local-rental-storage-listing-queue",
            "kms_data_key_reuse_period_seconds": 300,
            "kms_master_key_id": "",
            "max_message_size": 262144,
            "message_retention_seconds": 345600,
            "name": "local-rental-storage-listing-queue",
            "name_prefix": "",
            "policy": "{\"Version\":\"2012-10-17\",\"Id\":\"sqspolicy\",\"Statement\":[{\"Sid\":\"allow-sns-messages\",\"Effect\":\"Allow\",\"Principal\":\"*\",\"Resource\":\"arn:aws:sqs:us-east-1:474489807730:local-rental-storage-listing-queue\",\"Condition\":{\"ArnEquals\":{\"aws:SourceArn\":\"arn:aws:sns:us-east-1:474489807730:local-rental-storage-listing-topic\"}}}]}",
            "receive_wait_time_seconds": 0,
            "redrive_allow_policy": "",
            "redrive_policy": "{\"deadLetterTargetArn\":\"arn:aws:sqs:us-east-1:474489807730:local-rental-storage-listing-dead-letter-queue\",\"maxReceiveCount\":3}",
            "sqs_managed_sse_enabled": false,
            "tags": {},
            "tags_all": {},
            "url": "https://sqs.us-east-1.amazonaws.com/474489807730/local-rental-storage-listing-queue",
            "visibility_timeout_seconds": 30
          },
          "sensitive_attributes": [],
          "private": "bnVsbA==",
          "dependencies": [
            "module.sqs.aws_sqs_queue.listing_dead_letter"
          ]
        }
      ]
    },
    {
      "module": "module.sqs",
      "mode": "managed",
      "type": "aws_sqs_queue",
      "name": "listing_dead_letter",
      "provider": "provider[\"registry.terraform.io/hashicorp/aws\"]",
      "instances": [
        {
          "schema_version": 0,
          "attributes": {
            "arn": "arn:aws:sqs:us-east-1:474489807730:local-rental-storage-listing-dead-letter-queue",
            "content_based_deduplication": false,
            "deduplication_scope": "",
            "delay_seconds": 0,
            "fifo_queue": false,
            "fifo_throughput_limit": "",
            "id": "https://sqs.us-east-1.amazonaws.com/474489807730/local-rental-storage-listing-dead-letter-queue",
            "kms_data_key_reuse_period_seconds": 300,
            "kms_master_key_id": "",
            "max_message_size": 262144,
            "message_retention_seconds": 345600,
            "name": "local-rental-storage-listing-dead-letter-queue",
            "name_prefix": "",
            "policy": "",
            "receive_wait_time_seconds": 0,
            "redrive_allow_policy": "",
            "redrive_policy": "",
            "sqs_managed_sse_enabled": false,
            "tags": {},
            "tags_all": {},
            "url": "https://sqs.us-east-1.amazonaws.com/474489807730/local-rental-storage-listing-dead-letter-queue",
            "visibility_timeout_seconds": 30
          },
          "sensitive_attributes": [],
          "private": "bnVsbA=="
        }
      ]
    },
    {
      "module": "module.sqs",
      "mode": "managed",
      "type": "aws_sqs_queue",
      "name": "payment",
      "provider": "provider[\"registry.terraform.io/hashicorp/aws\"]",
      "instances": [
        {
          "schema_version": 0,
          "attributes": {
            "arn": "arn:aws:sqs:us-east-1:474489807730:local-rental-storage-payment-queue",
            "content_based_deduplication": false,
            "deduplication_scope": "",
            "delay_seconds": 0,
            "fifo_queue": false,
            "fifo_throughput_limit": "",
            "id": "https://sqs.us-east-1.amazonaws.com/474489807730/local-rental-storage-payment-queue",
            "kms_data_key_reuse_period_seconds": 300,
            "kms_master_key_id": "",
            "max_message_size": 262144,
            "message_retention_seconds": 345600,
            "name": "local-rental-storage-payment-queue",
            "name_prefix": "",
            "policy": "{\"Version\":\"2012-10-17\",\"Id\":\"sqspolicy\",\"Statement\":[{\"Sid\":\"allow-sns-messages\",\"Effect\":\"Allow\",\"Principal\":\"*\",\"Resource\":\"arn:aws:sqs:us-east-1:474489807730:local-rental-storage-payment-queue\",\"Condition\":{\"ArnEquals\":{\"aws:SourceArn\":\"arn:aws:sns:us-east-1:474489807730:local-rental-storage-payment-topic\"}}}]}",
            "receive_wait_time_seconds": 0,
            "redrive_allow_policy": "",
            "redrive_policy": "{\"deadLetterTargetArn\":\"arn:aws:sqs:us-east-1:474489807730:local-rental-storage-payment-dead-letter-queue\",\"maxReceiveCount\":3}",
            "sqs_managed_sse_enabled": false,
            "tags": {},
            "tags_all": {},
            "url": "https://sqs.us-east-1.amazonaws.com/474489807730/local-rental-storage-payment-queue",
            "visibility_timeout_seconds": 30
          },
          "sensitive_attributes": [],
          "private": "bnVsbA==",
          "dependencies": [
            "module.sqs.aws_sqs_queue.payment_dead_letter"
          ]
        }
      ]
    },
    {
      "module": "module.sqs",
      "mode": "managed",
      "type": "aws_sqs_queue",
      "name": "payment_dead_letter",
      "provider": "provider[\"registry.terraform.io/hashicorp/aws\"]",
      "instances": [
        {
          "schema_version": 0,
          "attributes": {
            "arn": "arn:aws:sqs:us-east-1:474489807730:local-rental-storage-payment-dead-letter-queue",
            "content_based_deduplication": false,
            "deduplication_scope": "",
            "delay_seconds": 0,
            "fifo_queue": false,
            "fifo_throughput_limit": "",
            "id": "https://sqs.us-east-1.amazonaws.com/474489807730/local-rental-storage-payment-dead-letter-queue",
            "kms_data_key_reuse_period_seconds": 300,
            "kms_master_key_id": "",
            "max_message_size": 262144,
            "message_retention_seconds": 345600,
            "name": "local-rental-storage-payment-dead-letter-queue",
            "name_prefix": "",
            "policy": "",
            "receive_wait_time_seconds": 0,
            "redrive_allow_policy": "",
            "redrive_policy": "",
            "sqs_managed_sse_enabled": false,
            "tags": {},
            "tags_all": {},
            "url": "https://sqs.us-east-1.amazonaws.com/474489807730/local-rental-storage-payment-dead-letter-queue",
            "visibility_timeout_seconds": 30
          },
          "sensitive_attributes": [],
          "private": "bnVsbA=="
        }
      ]
    },
    {
      "module": "module.sqs",
      "mode": "managed",
      "type": "aws_sqs_queue",
      "name": "user",
      "provider": "provider[\"registry.terraform.io/hashicorp/aws\"]",
      "instances": [
        {
          "schema_version": 0,
          "attributes": {
            "arn": "arn:aws:sqs:us-east-1:474489807730:local-rental-storage-user-queue",
            "content_based_deduplication": false,
            "deduplication_scope": "",
            "delay_seconds": 0,
            "fifo_queue": false,
            "fifo_throughput_limit": "",
            "id": "https://sqs.us-east-1.amazonaws.com/474489807730/local-rental-storage-user-queue",
            "kms_data_key_reuse_period_seconds": 300,
            "kms_master_key_id": "",
            "max_message_size": 262144,
            "message_retention_seconds": 345600,
            "name": "local-rental-storage-user-queue",
            "name_prefix": "",
            "policy": "",
            "receive_wait_time_seconds": 0,
            "redrive_allow_policy": "",
            "redrive_policy": "{\"deadLetterTargetArn\":\"arn:aws:sqs:us-east-1:474489807730:local-rental-storage-user-dead-letter-queue\",\"maxReceiveCount\":3}",
            "sqs_managed_sse_enabled": false,
            "tags": {},
            "tags_all": {},
            "url": "https://sqs.us-east-1.amazonaws.com/474489807730/local-rental-storage-user-queue",
            "visibility_timeout_seconds": 30
          },
          "sensitive_attributes": [],
          "private": "bnVsbA==",
          "dependencies": [
            "module.sqs.aws_sqs_queue.user_dead_letter"
          ]
        }
      ]
    },
    {
      "module": "module.sqs",
      "mode": "managed",
      "type": "aws_sqs_queue",
      "name": "user_dead_letter",
      "provider": "provider[\"registry.terraform.io/hashicorp/aws\"]",
      "instances": [
        {
          "schema_version": 0,
          "attributes": {
            "arn": "arn:aws:sqs:us-east-1:474489807730:local-rental-storage-user-dead-letter-queue",
            "content_based_deduplication": false,
            "deduplication_scope": "",
            "delay_seconds": 0,
            "fifo_queue": false,
            "fifo_throughput_limit": "",
            "id": "https://sqs.us-east-1.amazonaws.com/474489807730/local-rental-storage-user-dead-letter-queue",
            "kms_data_key_reuse_period_seconds": 300,
            "kms_master_key_id": "",
            "max_message_size": 262144,
            "message_retention_seconds": 345600,
            "name": "local-rental-storage-user-dead-letter-queue",
            "name_prefix": "",
            "policy": "",
            "receive_wait_time_seconds": 0,
            "redrive_allow_policy": "",
            "redrive_policy": "",
            "sqs_managed_sse_enabled": false,
            "tags": {},
            "tags_all": {},
            "url": "https://sqs.us-east-1.amazonaws.com/474489807730/local-rental-storage-user-dead-letter-queue",
            "visibility_timeout_seconds": 30
          },
          "sensitive_attributes": [],
          "private": "bnVsbA=="
        }
      ]
    },
    {
      "module": "module.sqs",
      "mode": "managed",
      "type": "aws_sqs_queue_policy",
      "name": "booking",
      "provider": "provider[\"registry.terraform.io/hashicorp/aws\"]",
      "instances": [
        {
          "schema_version": 1,
          "attributes": {
            "id": "https://sqs.us-east-1.amazonaws.com/474489807730/local-rental-storage-booking-queue",
            "policy": "{\"Id\":\"sqspolicy\",\"Statement\":[{\"Condition\":{\"ArnEquals\":{\"aws:SourceArn\":[\"arn:aws:sns:us-east-1:474489807730:local-rental-storage-payment-topic\",\"arn:aws:sns:us-east-1:474489807730:local-rental-storage-user-topic\"]}},\"Effect\":\"Allow\",\"Principal\":\"*\",\"Resource\":\"arn:aws:sqs:us-east-1:474489807730:local-rental-storage-booking-queue\",\"Sid\":\"allow-sns-messages\"}],\"Version\":\"2012-10-17\"}",
            "queue_url": "https://sqs.us-east-1.amazonaws.com/474489807730/local-rental-storage-booking-queue"
          },
          "sensitive_attributes": [],
          "private": "eyJzY2hlbWFfdmVyc2lvbiI6IjEifQ==",
          "dependencies": [
            "module.sns.aws_sns_topic.payment",
            "module.sns.aws_sns_topic.user",
            "module.sqs.aws_sqs_queue.booking",
            "module.sqs.aws_sqs_queue.booking_dead_letter"
          ]
        }
      ]
    },
    {
      "module": "module.sqs",
      "mode": "managed",
      "type": "aws_sqs_queue_policy",
      "name": "listing",
      "provider": "provider[\"registry.terraform.io/hashicorp/aws\"]",
      "instances": [
        {
          "schema_version": 1,
          "attributes": {
            "id": "https://sqs.us-east-1.amazonaws.com/474489807730/local-rental-storage-listing-queue",
            "policy": "{\"Id\":\"sqspolicy\",\"Statement\":[{\"Condition\":{\"ArnEquals\":{\"aws:SourceArn\":[\"arn:aws:sns:us-east-1:474489807730:local-rental-storage-listing-topic\"]}},\"Effect\":\"Allow\",\"Principal\":\"*\",\"Resource\":\"arn:aws:sqs:us-east-1:474489807730:local-rental-storage-listing-queue\",\"Sid\":\"allow-sns-messages\"}],\"Version\":\"2012-10-17\"}",
            "queue_url": "https://sqs.us-east-1.amazonaws.com/474489807730/local-rental-storage-listing-queue"
          },
          "sensitive_attributes": [],
          "private": "eyJzY2hlbWFfdmVyc2lvbiI6IjEifQ==",
          "dependencies": [
            "module.sns.aws_sns_topic.listing",
            "module.sqs.aws_sqs_queue.listing",
            "module.sqs.aws_sqs_queue.listing_dead_letter"
          ]
        }
      ]
    },
    {
      "module": "module.sqs",
      "mode": "managed",
      "type": "aws_sqs_queue_policy",
      "name": "payment",
      "provider": "provider[\"registry.terraform.io/hashicorp/aws\"]",
      "instances": [
        {
          "schema_version": 1,
          "attributes": {
            "id": "https://sqs.us-east-1.amazonaws.com/474489807730/local-rental-storage-payment-queue",
            "policy": "{\"Id\":\"sqspolicy\",\"Statement\":[{\"Condition\":{\"ArnEquals\":{\"aws:SourceArn\":[\"arn:aws:sns:us-east-1:474489807730:local-rental-storage-payment-topic\"]}},\"Effect\":\"Allow\",\"Principal\":\"*\",\"Resource\":\"arn:aws:sqs:us-east-1:474489807730:local-rental-storage-payment-queue\",\"Sid\":\"allow-sns-messages\"}],\"Version\":\"2012-10-17\"}",
            "queue_url": "https://sqs.us-east-1.amazonaws.com/474489807730/local-rental-storage-payment-queue"
          },
          "sensitive_attributes": [],
          "private": "eyJzY2hlbWFfdmVyc2lvbiI6IjEifQ==",
          "dependencies": [
            "module.sns.aws_sns_topic.payment",
            "module.sqs.aws_sqs_queue.payment",
            "module.sqs.aws_sqs_queue.payment_dead_letter"
          ]
        }
      ]
    }
  ]
}
